
Microsoft Visual Studio Solution File, Format Version 12.00
# Visual Studio 2013
VisualStudioVersion = 12.0.30723.0
MinimumVisualStudioVersion = 10.0.40219.1
Project("{8BC9CEB8-8B4A-11D0-8D11-00A0C91BC942}") = "Application", "Application\Application.vcxproj", "{F5E75AA8-3E16-455F-9C79-EC1A5C98B96F}"
EndProject
Project("{2150E333-8FDC-42A3-9474-1A3956D46DE8}") = "Robots", "Robots", "{8C781364-9EE6-4539-9CA8-96C0EB8CDBEA}"
EndProject
Project("{8BC9CEB8-8B4A-11D0-8D11-00A0C91BC942}") = "StandartRobot", "Robots\StandartRobot\StandartRobot.vcxproj", "{FA8485C2-EA42-4FB3-85D3-302A35E3CC2E}"
EndProject
Project("{8BC9CEB8-8B4A-11D0-8D11-00A0C91BC942}") = "Robot01", "Robots\Robot01\Robot01.vcxproj", "{D94EEF95-BFB5-4DFF-A8F4-CC2352FE0C10}"
EndProject
Project("{8BC9CEB8-8B4A-11D0-8D11-00A0C91BC942}") = "Robot02", "Robots\Robot02\Robot02.vcxproj", "{6AC9CD19-3935-4625-8149-A9ADAD2FC731}"
EndProject
Project("{8BC9CEB8-8B4A-11D0-8D11-00A0C91BC942}") = "Robot03", "Robots\Robot03\Robot03.vcxproj", "{9D9119C6-A4D8-4828-87B6-B0DA7D9C9BB8}"
EndProject
Project("{8BC9CEB8-8B4A-11D0-8D11-00A0C91BC942}") = "Robot04", "Robots\Robot04\Robot04.vcxproj", "{73F1A226-C885-436C-8070-44E480E5FC5B}"
EndProject
Project("{8BC9CEB8-8B4A-11D0-8D11-00A0C91BC942}") = "Robot06", "Robots\Robot06\Robot06.vcxproj", "{0F991595-F244-42D2-B160-FF03565D95C5}"
EndProject
Project("{8BC9CEB8-8B4A-11D0-8D11-00A0C91BC942}") = "Robot07", "Robots\Robot07\Robot07.vcxproj", "{C19E1964-3AD2-4E12-85F7-6F38CBE0AB9E}"
EndProject
Project("{8BC9CEB8-8B4A-11D0-8D11-00A0C91BC942}") = "Robot08", "Robots\Robot08\Robot08.vcxproj", "{618F6909-9F0E-41A4-8FEF-4484C2B36EC9}"
EndProject
Project("{8BC9CEB8-8B4A-11D0-8D11-00A0C91BC942}") = "Robot09", "Robots\Robot09\Robot09.vcxproj", "{60B58686-C93C-4078-8724-32F2FE1F2603}"
EndProject
Project("{8BC9CEB8-8B4A-11D0-8D11-00A0C91BC942}") = "Robot11", "Robots\Robot11\Robot11.vcxproj", "{FB4C374A-EB67-4D60-8D57-626676429668}"
EndProject
Project("{8BC9CEB8-8B4A-11D0-8D11-00A0C91BC942}") = "Robot12", "Robots\Robot12\Robot12.vcxproj", "{B84AB389-BEA5-48B5-904A-810DEB7E4F78}"
EndProject
Project("{8BC9CEB8-8B4A-11D0-8D11-00A0C91BC942}") = "Robot13", "Robots\Robot13\Robot13.vcxproj", "{197BF1F1-CA76-4D06-BB43-4DA8002520EB}"
EndProject
Project("{8BC9CEB8-8B4A-11D0-8D11-00A0C91BC942}") = "Robot15", "Robots\Robot15\Robot15.vcxproj", "{6F103EBE-EC95-434C-91CB-C6221E3040BE}"
EndProject
Project("{8BC9CEB8-8B4A-11D0-8D11-00A0C91BC942}") = "Robot16", "Robots\Robot16\Robot16.vcxproj", "{635A7AAA-DB05-4035-AF37-E8E8824C934B}"
EndProject
Project("{8BC9CEB8-8B4A-11D0-8D11-00A0C91BC942}") = "Robot17", "Robots\Robot17\Robot17.vcxproj", "{33F11351-E287-458B-A186-47CB1F49CC71}"
EndProject
Project("{8BC9CEB8-8B4A-11D0-8D11-00A0C91BC942}") = "Robot18", "Robots\Robot18\Robot18.vcxproj", "{19EC4575-1620-4D08-B453-923508F04656}"
EndProject
Project("{8BC9CEB8-8B4A-11D0-8D11-00A0C91BC942}") = "Robot19", "Robots\Robot19\Robot19.vcxproj", "{0D84EAC8-2402-4BDD-B126-DA5BDE3A5D50}"
EndProject
Project("{8BC9CEB8-8B4A-11D0-8D11-00A0C91BC942}") = "Robot20", "Robots\Robot20\Robot20.vcxproj", "{2AE716DF-2327-4D5F-A5D6-79AC6C125259}"
EndProject
Project("{8BC9CEB8-8B4A-11D0-8D11-00A0C91BC942}") = "Robot21", "Robots\Robot21\Robot21.vcxproj", "{7255F6A8-0516-40F7-A974-1F9AA2C976FE}"
EndProject
Global
	GlobalSection(SolutionConfigurationPlatforms) = preSolution
		Debug|Win32 = Debug|Win32
		Release|Win32 = Release|Win32
	EndGlobalSection
	GlobalSection(ProjectConfigurationPlatforms) = postSolution
		{F5E75AA8-3E16-455F-9C79-EC1A5C98B96F}.Debug|Win32.ActiveCfg = Debug|Win32
		{F5E75AA8-3E16-455F-9C79-EC1A5C98B96F}.Debug|Win32.Build.0 = Debug|Win32
		{F5E75AA8-3E16-455F-9C79-EC1A5C98B96F}.Release|Win32.ActiveCfg = Release|Win32
		{F5E75AA8-3E16-455F-9C79-EC1A5C98B96F}.Release|Win32.Build.0 = Release|Win32
		{FA8485C2-EA42-4FB3-85D3-302A35E3CC2E}.Debug|Win32.ActiveCfg = Debug|Win32
		{FA8485C2-EA42-4FB3-85D3-302A35E3CC2E}.Debug|Win32.Build.0 = Debug|Win32
		{FA8485C2-EA42-4FB3-85D3-302A35E3CC2E}.Release|Win32.ActiveCfg = Release|Win32
		{FA8485C2-EA42-4FB3-85D3-302A35E3CC2E}.Release|Win32.Build.0 = Release|Win32
		{D94EEF95-BFB5-4DFF-A8F4-CC2352FE0C10}.Debug|Win32.ActiveCfg = Debug|Win32
		{D94EEF95-BFB5-4DFF-A8F4-CC2352FE0C10}.Debug|Win32.Build.0 = Debug|Win32
		{D94EEF95-BFB5-4DFF-A8F4-CC2352FE0C10}.Release|Win32.ActiveCfg = Release|Win32
		{D94EEF95-BFB5-4DFF-A8F4-CC2352FE0C10}.Release|Win32.Build.0 = Release|Win32
		{6AC9CD19-3935-4625-8149-A9ADAD2FC731}.Debug|Win32.ActiveCfg = Debug|Win32
		{6AC9CD19-3935-4625-8149-A9ADAD2FC731}.Debug|Win32.Build.0 = Debug|Win32
		{6AC9CD19-3935-4625-8149-A9ADAD2FC731}.Release|Win32.ActiveCfg = Release|Win32
		{6AC9CD19-3935-4625-8149-A9ADAD2FC731}.Release|Win32.Build.0 = Release|Win32
		{9D9119C6-A4D8-4828-87B6-B0DA7D9C9BB8}.Debug|Win32.ActiveCfg = Debug|Win32
		{9D9119C6-A4D8-4828-87B6-B0DA7D9C9BB8}.Debug|Win32.Build.0 = Debug|Win32
		{9D9119C6-A4D8-4828-87B6-B0DA7D9C9BB8}.Release|Win32.ActiveCfg = Release|Win32
		{9D9119C6-A4D8-4828-87B6-B0DA7D9C9BB8}.Release|Win32.Build.0 = Release|Win32
		{73F1A226-C885-436C-8070-44E480E5FC5B}.Debug|Win32.ActiveCfg = Debug|Win32
		{73F1A226-C885-436C-8070-44E480E5FC5B}.Debug|Win32.Build.0 = Debug|Win32
		{73F1A226-C885-436C-8070-44E480E5FC5B}.Release|Win32.ActiveCfg = Release|Win32
		{73F1A226-C885-436C-8070-44E480E5FC5B}.Release|Win32.Build.0 = Release|Win32
		{0F991595-F244-42D2-B160-FF03565D95C5}.Debug|Win32.ActiveCfg = Debug|Win32
		{0F991595-F244-42D2-B160-FF03565D95C5}.Debug|Win32.Build.0 = Debug|Win32
		{0F991595-F244-42D2-B160-FF03565D95C5}.Release|Win32.ActiveCfg = Release|Win32
		{0F991595-F244-42D2-B160-FF03565D95C5}.Release|Win32.Build.0 = Release|Win32
		{C19E1964-3AD2-4E12-85F7-6F38CBE0AB9E}.Debug|Win32.ActiveCfg = Debug|Win32
		{C19E1964-3AD2-4E12-85F7-6F38CBE0AB9E}.Debug|Win32.Build.0 = Debug|Win32
		{C19E1964-3AD2-4E12-85F7-6F38CBE0AB9E}.Release|Win32.ActiveCfg = Release|Win32
		{C19E1964-3AD2-4E12-85F7-6F38CBE0AB9E}.Release|Win32.Build.0 = Release|Win32
		{618F6909-9F0E-41A4-8FEF-4484C2B36EC9}.Debug|Win32.ActiveCfg = Debug|Win32
		{618F6909-9F0E-41A4-8FEF-4484C2B36EC9}.Debug|Win32.Build.0 = Debug|Win32
		{618F6909-9F0E-41A4-8FEF-4484C2B36EC9}.Release|Win32.ActiveCfg = Release|Win32
		{618F6909-9F0E-41A4-8FEF-4484C2B36EC9}.Release|Win32.Build.0 = Release|Win32
		{60B58686-C93C-4078-8724-32F2FE1F2603}.Debug|Win32.ActiveCfg = Debug|Win32
		{60B58686-C93C-4078-8724-32F2FE1F2603}.Debug|Win32.Build.0 = Debug|Win32
		{60B58686-C93C-4078-8724-32F2FE1F2603}.Release|Win32.ActiveCfg = Release|Win32
		{60B58686-C93C-4078-8724-32F2FE1F2603}.Release|Win32.Build.0 = Release|Win32
		{FB4C374A-EB67-4D60-8D57-626676429668}.Debug|Win32.ActiveCfg = Debug|Win32
		{FB4C374A-EB67-4D60-8D57-626676429668}.Debug|Win32.Build.0 = Debug|Win32
		{FB4C374A-EB67-4D60-8D57-626676429668}.Release|Win32.ActiveCfg = Release|Win32
		{FB4C374A-EB67-4D60-8D57-626676429668}.Release|Win32.Build.0 = Release|Win32
		{B84AB389-BEA5-48B5-904A-810DEB7E4F78}.Debug|Win32.ActiveCfg = Debug|Win32
		{B84AB389-BEA5-48B5-904A-810DEB7E4F78}.Debug|Win32.Build.0 = Debug|Win32
		{B84AB389-BEA5-48B5-904A-810DEB7E4F78}.Release|Win32.ActiveCfg = Release|Win32
		{B84AB389-BEA5-48B5-904A-810DEB7E4F78}.Release|Win32.Build.0 = Release|Win32
		{197BF1F1-CA76-4D06-BB43-4DA8002520EB}.Debug|Win32.ActiveCfg = Debug|Win32
		{197BF1F1-CA76-4D06-BB43-4DA8002520EB}.Debug|Win32.Build.0 = Debug|Win32
		{197BF1F1-CA76-4D06-BB43-4DA8002520EB}.Release|Win32.ActiveCfg = Release|Win32
		{197BF1F1-CA76-4D06-BB43-4DA8002520EB}.Release|Win32.Build.0 = Release|Win32
		{6F103EBE-EC95-434C-91CB-C6221E3040BE}.Debug|Win32.ActiveCfg = Debug|Win32
		{6F103EBE-EC95-434C-91CB-C6221E3040BE}.Debug|Win32.Build.0 = Debug|Win32
		{6F103EBE-EC95-434C-91CB-C6221E3040BE}.Release|Win32.ActiveCfg = Release|Win32
		{6F103EBE-EC95-434C-91CB-C6221E3040BE}.Release|Win32.Build.0 = Release|Win32
		{635A7AAA-DB05-4035-AF37-E8E8824C934B}.Debug|Win32.ActiveCfg = Debug|Win32
		{635A7AAA-DB05-4035-AF37-E8E8824C934B}.Debug|Win32.Build.0 = Debug|Win32
		{635A7AAA-DB05-4035-AF37-E8E8824C934B}.Release|Win32.ActiveCfg = Release|Win32
		{635A7AAA-DB05-4035-AF37-E8E8824C934B}.Release|Win32.Build.0 = Release|Win32
		{33F11351-E287-458B-A186-47CB1F49CC71}.Debug|Win32.ActiveCfg = Debug|Win32
		{33F11351-E287-458B-A186-47CB1F49CC71}.Debug|Win32.Build.0 = Debug|Win32
		{33F11351-E287-458B-A186-47CB1F49CC71}.Release|Win32.ActiveCfg = Release|Win32
		{33F11351-E287-458B-A186-47CB1F49CC71}.Release|Win32.Build.0 = Release|Win32
		{19EC4575-1620-4D08-B453-923508F04656}.Debug|Win32.ActiveCfg = Debug|Win32
		{19EC4575-1620-4D08-B453-923508F04656}.Debug|Win32.Build.0 = Debug|Win32
		{19EC4575-1620-4D08-B453-923508F04656}.Release|Win32.ActiveCfg = Release|Win32
		{19EC4575-1620-4D08-B453-923508F04656}.Release|Win32.Build.0 = Release|Win32
		{0D84EAC8-2402-4BDD-B126-DA5BDE3A5D50}.Debug|Win32.ActiveCfg = Debug|Win32
		{0D84EAC8-2402-4BDD-B126-DA5BDE3A5D50}.Debug|Win32.Build.0 = Debug|Win32
		{0D84EAC8-2402-4BDD-B126-DA5BDE3A5D50}.Release|Win32.ActiveCfg = Release|Win32
		{0D84EAC8-2402-4BDD-B126-DA5BDE3A5D50}.Release|Win32.Build.0 = Release|Win32
		{2AE716DF-2327-4D5F-A5D6-79AC6C125259}.Debug|Win32.ActiveCfg = Debug|Win32
		{2AE716DF-2327-4D5F-A5D6-79AC6C125259}.Debug|Win32.Build.0 = Debug|Win32
		{2AE716DF-2327-4D5F-A5D6-79AC6C125259}.Release|Win32.ActiveCfg = Release|Win32
		{2AE716DF-2327-4D5F-A5D6-79AC6C125259}.Release|Win32.Build.0 = Release|Win32
		{7255F6A8-0516-40F7-A974-1F9AA2C976FE}.Debug|Win32.ActiveCfg = Debug|Win32
		{7255F6A8-0516-40F7-A974-1F9AA2C976FE}.Debug|Win32.Build.0 = Debug|Win32
		{7255F6A8-0516-40F7-A974-1F9AA2C976FE}.Release|Win32.ActiveCfg = Release|Win32
		{7255F6A8-0516-40F7-A974-1F9AA2C976FE}.Release|Win32.Build.0 = Release|Win32
	EndGlobalSection
	GlobalSection(SolutionProperties) = preSolution
		HideSolutionNode = FALSE
	EndGlobalSection
	GlobalSection(NestedProjects) = preSolution
		{FA8485C2-EA42-4FB3-85D3-302A35E3CC2E} = {8C781364-9EE6-4539-9CA8-96C0EB8CDBEA}
		{D94EEF95-BFB5-4DFF-A8F4-CC2352FE0C10} = {8C781364-9EE6-4539-9CA8-96C0EB8CDBEA}
		{6AC9CD19-3935-4625-8149-A9ADAD2FC731} = {8C781364-9EE6-4539-9CA8-96C0EB8CDBEA}
		{9D9119C6-A4D8-4828-87B6-B0DA7D9C9BB8} = {8C781364-9EE6-4539-9CA8-96C0EB8CDBEA}
		{73F1A226-C885-436C-8070-44E480E5FC5B} = {8C781364-9EE6-4539-9CA8-96C0EB8CDBEA}
		{0F991595-F244-42D2-B160-FF03565D95C5} = {8C781364-9EE6-4539-9CA8-96C0EB8CDBEA}
		{C19E1964-3AD2-4E12-85F7-6F38CBE0AB9E} = {8C781364-9EE6-4539-9CA8-96C0EB8CDBEA}
		{618F6909-9F0E-41A4-8FEF-4484C2B36EC9} = {8C781364-9EE6-4539-9CA8-96C0EB8CDBEA}
		{60B58686-C93C-4078-8724-32F2FE1F2603} = {8C781364-9EE6-4539-9CA8-96C0EB8CDBEA}
		{FB4C374A-EB67-4D60-8D57-626676429668} = {8C781364-9EE6-4539-9CA8-96C0EB8CDBEA}
		{B84AB389-BEA5-48B5-904A-810DEB7E4F78} = {8C781364-9EE6-4539-9CA8-96C0EB8CDBEA}
		{197BF1F1-CA76-4D06-BB43-4DA8002520EB} = {8C781364-9EE6-4539-9CA8-96C0EB8CDBEA}
		{6F103EBE-EC95-434C-91CB-C6221E3040BE} = {8C781364-9EE6-4539-9CA8-96C0EB8CDBEA}
		{635A7AAA-DB05-4035-AF37-E8E8824C934B} = {8C781364-9EE6-4539-9CA8-96C0EB8CDBEA}
		{33F11351-E287-458B-A186-47CB1F49CC71} = {8C781364-9EE6-4539-9CA8-96C0EB8CDBEA}
		{19EC4575-1620-4D08-B453-923508F04656} = {8C781364-9EE6-4539-9CA8-96C0EB8CDBEA}
		{0D84EAC8-2402-4BDD-B126-DA5BDE3A5D50} = {8C781364-9EE6-4539-9CA8-96C0EB8CDBEA}
		{2AE716DF-2327-4D5F-A5D6-79AC6C125259} = {8C781364-9EE6-4539-9CA8-96C0EB8CDBEA}
		{7255F6A8-0516-40F7-A974-1F9AA2C976FE} = {8C781364-9EE6-4539-9CA8-96C0EB8CDBEA}
	EndGlobalSection
EndGlobal
